
Microsoft Visual Studio Solution File, Format Version 12.00
# Visual Studio Version 16
VisualStudioVersion = 16.0.30002.166
MinimumVisualStudioVersion = 10.0.40219.1
Project("{FAE04EC0-301F-11D3-BF4B-00C04F79EFBC}") = "MyPangolin.Api", "MyPangolin.Api\MyPangolin.Api.csproj", "{D246777E-F395-4D76-87D4-50963AF349FF}"
EndProject
Global
	GlobalSection(SolutionConfigurationPlatforms) = preSolution
		Debug|Any CPU = Debug|Any CPU
		Release|Any CPU = Release|Any CPU
	EndGlobalSection
	GlobalSection(ProjectConfigurationPlatforms) = postSolution
		{D246777E-F395-4D76-87D4-50963AF349FF}.Debug|Any CPU.ActiveCfg = Debug|Any CPU
		{D246777E-F395-4D76-87D4-50963AF349FF}.Debug|Any CPU.Build.0 = Debug|Any CPU
		{D246777E-F395-4D76-87D4-50963AF349FF}.Release|Any CPU.ActiveCfg = Release|Any CPU
		{D246777E-F395-4D76-87D4-50963AF349FF}.Release|Any CPU.Build.0 = Release|Any CPU
	EndGlobalSection
	GlobalSection(SolutionProperties) = preSolution
		HideSolutionNode = FALSE
	EndGlobalSection
	GlobalSection(ExtensibilityGlobals) = postSolution
		SolutionGuid = {5CAB6DBA-1CC9-4FB7-82A9-F991123085FE}
	EndGlobalSection
EndGlobal
